
Microsoft Visual Studio Solution File, Format Version 12.00
# Visual Studio Version 17
VisualStudioVersion = 17.9.34622.214
MinimumVisualStudioVersion = 10.0.40219.1
Project("{FAE04EC0-301F-11D3-BF4B-00C04F79EFBC}") = "OP11.2 TO", "OP11.2 TO\OP11.2 TO.csproj", "{F9341A2D-0452-4A8C-8A69-663AFF3A00E2}"
EndProject
Global
	GlobalSection(SolutionConfigurationPlatforms) = preSolution
		Debug|Any CPU = Debug|Any CPU
		Release|Any CPU = Release|Any CPU
	EndGlobalSection
	GlobalSection(ProjectConfigurationPlatforms) = postSolution
		{F9341A2D-0452-4A8C-8A69-663AFF3A00E2}.Debug|Any CPU.ActiveCfg = Debug|Any CPU
		{F9341A2D-0452-4A8C-8A69-663AFF3A00E2}.Debug|Any CPU.Build.0 = Debug|Any CPU
		{F9341A2D-0452-4A8C-8A69-663AFF3A00E2}.Release|Any CPU.ActiveCfg = Release|Any CPU
		{F9341A2D-0452-4A8C-8A69-663AFF3A00E2}.Release|Any CPU.Build.0 = Release|Any CPU
	EndGlobalSection
	GlobalSection(SolutionProperties) = preSolution
		HideSolutionNode = FALSE
	EndGlobalSection
	GlobalSection(ExtensibilityGlobals) = postSolution
		SolutionGuid = {DCE6F9A1-48DD-4752-846E-1CCDABCE7F8D}
	EndGlobalSection
EndGlobal
